
Microsoft Visual Studio Solution File, Format Version 12.00
# Visual Studio Version 17
VisualStudioVersion = 17.12.35707.178
MinimumVisualStudioVersion = 10.0.40219.1
Project("{FAE04EC0-301F-11D3-BF4B-00C04F79EFBC}") = "TicTacToeUno", "TicTacToeUno\TicTacToeUno.csproj", "{67178C81-70D0-4327-BEB3-2B4B040D04C8}"
EndProject
Project("{2150E333-8FDC-42A3-9474-1A3956D46DE8}") = "Solution Items", "Solution Items", "{F2C96112-03EA-45D9-9A9A-431850278564}"
	ProjectSection(SolutionItems) = preProject
		.gitignore = .gitignore
		Directory.Build.props = Directory.Build.props
		Directory.Build.targets = Directory.Build.targets
		Directory.Packages.props = Directory.Packages.props
		global.json = global.json
	EndProjectSection
EndProject
Project("{FAE04EC0-301F-11D3-BF4B-00C04F79EFBC}") = "ServerGame", "ServerGame\ServerGame.csproj", "{940C9566-D69C-4E39-890E-2813D1E6697A}"
EndProject
Global
	GlobalSection(SolutionConfigurationPlatforms) = preSolution
		Debug|Any CPU = Debug|Any CPU
		Release|Any CPU = Release|Any CPU
	EndGlobalSection
	GlobalSection(ProjectConfigurationPlatforms) = postSolution
		{67178C81-70D0-4327-BEB3-2B4B040D04C8}.Debug|Any CPU.ActiveCfg = Debug|Any CPU
		{67178C81-70D0-4327-BEB3-2B4B040D04C8}.Debug|Any CPU.Build.0 = Debug|Any CPU
		{67178C81-70D0-4327-BEB3-2B4B040D04C8}.Debug|Any CPU.Deploy.0 = Debug|Any CPU
		{67178C81-70D0-4327-BEB3-2B4B040D04C8}.Release|Any CPU.ActiveCfg = Release|Any CPU
		{67178C81-70D0-4327-BEB3-2B4B040D04C8}.Release|Any CPU.Build.0 = Release|Any CPU
		{67178C81-70D0-4327-BEB3-2B4B040D04C8}.Release|Any CPU.Deploy.0 = Release|Any CPU
		{940C9566-D69C-4E39-890E-2813D1E6697A}.Debug|Any CPU.ActiveCfg = Debug|Any CPU
		{940C9566-D69C-4E39-890E-2813D1E6697A}.Debug|Any CPU.Build.0 = Debug|Any CPU
		{940C9566-D69C-4E39-890E-2813D1E6697A}.Release|Any CPU.ActiveCfg = Release|Any CPU
		{940C9566-D69C-4E39-890E-2813D1E6697A}.Release|Any CPU.Build.0 = Release|Any CPU
	EndGlobalSection
	GlobalSection(SolutionProperties) = preSolution
		HideSolutionNode = FALSE
	EndGlobalSection
EndGlobal
